
Microsoft Visual Studio Solution File, Format Version 12.00
# Visual Studio 15
VisualStudioVersion = 15.0.27130.2036
MinimumVisualStudioVersion = 10.0.40219.1
Project("{2150E333-8FDC-42A3-9474-1A3956D46DE8}") = "ZZZ", "ZZZ", "{8DB2AE4E-724C-476D-B5ED-AF995D84B238}"
EndProject
Project("{2150E333-8FDC-42A3-9474-1A3956D46DE8}") = "STD", "STD", "{85AD966B-5949-4B5B-8537-2B2D68C3E959}"
EndProject
Project("{2150E333-8FDC-42A3-9474-1A3956D46DE8}") = "PERS", "PERS", "{935AF009-CE84-4BAA-AD1A-255A2CB88F3A}"
EndProject
Project("{F184B08F-C81C-45F6-A57F-5ABD9991F28F}") = "BUSCUBE", "..\BUSCUBE\BUSCUBE.vbproj", "{14F92825-1FD1-41BE-8B97-1D37CB8C37D4}"
EndProject
Project("{F184B08F-C81C-45F6-A57F-5ABD9991F28F}") = "BNMGDOCU", "..\Bnmgdocu\BNMGDOCU.vbproj", "{1FB88BF9-23DB-4F1F-9A7D-8078A8C9F566}"
EndProject
Project("{F184B08F-C81C-45F6-A57F-5ABD9991F28F}") = "BNVEBOLL", "..\Bnveboll\BNVEBOLL.vbproj", "{600D677B-D412-46FD-BCEE-70C6B326F599}"
EndProject
Project("{F184B08F-C81C-45F6-A57F-5ABD9991F28F}") = "BNORGSOR", "..\Bnorgsor\BNORGSOR.vbproj", "{535178A9-D798-4CBE-BE30-3BCEBDC38CE9}"
EndProject
Project("{F184B08F-C81C-45F6-A57F-5ABD9991F28F}") = "BNHHAVCO Stato Avanzamento Lavori", "BNHHAVCO\BNHHAVCO Stato Avanzamento Lavori.vbproj", "{00FAB5CF-8498-418D-AEF8-FDCFCCE732C3}"
EndProject
Project("{F184B08F-C81C-45F6-A57F-5ABD9991F28F}") = "BNHHTABE Gestione tabelle", "BNHHTABE\BNHHTABE Gestione tabelle.vbproj", "{D7419A1D-320E-4400-9372-3F4E5608447F}"
EndProject
Project("{F184B08F-C81C-45F6-A57F-5ABD9991F28F}") = "BOORHLMO", "BOORHLMO\BOORHLMO.vbproj", "{AFC55E5B-C4BD-4D6C-9E46-C47380E94C26}"
EndProject
Project("{F184B08F-C81C-45F6-A57F-5ABD9991F28F}") = "BOORGSOR Gestione ordini", "BOORGSOR\BOORGSOR Gestione ordini.vbproj", "{9E0DB80A-EF4D-4802-BBDB-43E1F2C1F25A}"
EndProject
Project("{F184B08F-C81C-45F6-A57F-5ABD9991F28F}") = "BOVEBOLL Gestione Documenti", "BOVEBOLL\BOVEBOLL Gestione Documenti.vbproj", "{012D364E-F9D2-4B94-8E9C-BD20EA064C2C}"
EndProject
Global
	GlobalSection(SolutionConfigurationPlatforms) = preSolution
		Debug|Any CPU = Debug|Any CPU
		Debug|x86 = Debug|x86
		Release|Any CPU = Release|Any CPU
		Release|x86 = Release|x86
	EndGlobalSection
	GlobalSection(ProjectConfigurationPlatforms) = postSolution
		{14F92825-1FD1-41BE-8B97-1D37CB8C37D4}.Debug|Any CPU.ActiveCfg = Debug|Any CPU
		{14F92825-1FD1-41BE-8B97-1D37CB8C37D4}.Debug|Any CPU.Build.0 = Debug|Any CPU
		{14F92825-1FD1-41BE-8B97-1D37CB8C37D4}.Debug|x86.ActiveCfg = Debug|Any CPU
		{14F92825-1FD1-41BE-8B97-1D37CB8C37D4}.Debug|x86.Build.0 = Debug|Any CPU
		{14F92825-1FD1-41BE-8B97-1D37CB8C37D4}.Release|Any CPU.ActiveCfg = Release|Any CPU
		{14F92825-1FD1-41BE-8B97-1D37CB8C37D4}.Release|Any CPU.Build.0 = Release|Any CPU
		{14F92825-1FD1-41BE-8B97-1D37CB8C37D4}.Release|x86.ActiveCfg = Release|Any CPU
		{14F92825-1FD1-41BE-8B97-1D37CB8C37D4}.Release|x86.Build.0 = Release|Any CPU
		{1FB88BF9-23DB-4F1F-9A7D-8078A8C9F566}.Debug|Any CPU.ActiveCfg = Debug|Any CPU
		{1FB88BF9-23DB-4F1F-9A7D-8078A8C9F566}.Debug|Any CPU.Build.0 = Debug|Any CPU
		{1FB88BF9-23DB-4F1F-9A7D-8078A8C9F566}.Debug|x86.ActiveCfg = Debug|Any CPU
		{1FB88BF9-23DB-4F1F-9A7D-8078A8C9F566}.Debug|x86.Build.0 = Debug|Any CPU
		{1FB88BF9-23DB-4F1F-9A7D-8078A8C9F566}.Release|Any CPU.ActiveCfg = Release|Any CPU
		{1FB88BF9-23DB-4F1F-9A7D-8078A8C9F566}.Release|Any CPU.Build.0 = Release|Any CPU
		{1FB88BF9-23DB-4F1F-9A7D-8078A8C9F566}.Release|x86.ActiveCfg = Release|Any CPU
		{1FB88BF9-23DB-4F1F-9A7D-8078A8C9F566}.Release|x86.Build.0 = Release|Any CPU
		{600D677B-D412-46FD-BCEE-70C6B326F599}.Debug|Any CPU.ActiveCfg = Debug|Any CPU
		{600D677B-D412-46FD-BCEE-70C6B326F599}.Debug|Any CPU.Build.0 = Debug|Any CPU
		{600D677B-D412-46FD-BCEE-70C6B326F599}.Debug|x86.ActiveCfg = Debug|Any CPU
		{600D677B-D412-46FD-BCEE-70C6B326F599}.Debug|x86.Build.0 = Debug|Any CPU
		{600D677B-D412-46FD-BCEE-70C6B326F599}.Release|Any CPU.ActiveCfg = Release|Any CPU
		{600D677B-D412-46FD-BCEE-70C6B326F599}.Release|Any CPU.Build.0 = Release|Any CPU
		{600D677B-D412-46FD-BCEE-70C6B326F599}.Release|x86.ActiveCfg = Release|Any CPU
		{600D677B-D412-46FD-BCEE-70C6B326F599}.Release|x86.Build.0 = Release|Any CPU
		{535178A9-D798-4CBE-BE30-3BCEBDC38CE9}.Debug|Any CPU.ActiveCfg = Debug|Any CPU
		{535178A9-D798-4CBE-BE30-3BCEBDC38CE9}.Debug|Any CPU.Build.0 = Debug|Any CPU
		{535178A9-D798-4CBE-BE30-3BCEBDC38CE9}.Debug|x86.ActiveCfg = Debug|Any CPU
		{535178A9-D798-4CBE-BE30-3BCEBDC38CE9}.Debug|x86.Build.0 = Debug|Any CPU
		{535178A9-D798-4CBE-BE30-3BCEBDC38CE9}.Release|Any CPU.ActiveCfg = Release|Any CPU
		{535178A9-D798-4CBE-BE30-3BCEBDC38CE9}.Release|Any CPU.Build.0 = Release|Any CPU
		{535178A9-D798-4CBE-BE30-3BCEBDC38CE9}.Release|x86.ActiveCfg = Release|Any CPU
		{535178A9-D798-4CBE-BE30-3BCEBDC38CE9}.Release|x86.Build.0 = Release|Any CPU
		{00FAB5CF-8498-418D-AEF8-FDCFCCE732C3}.Debug|Any CPU.ActiveCfg = Debug|Any CPU
		{00FAB5CF-8498-418D-AEF8-FDCFCCE732C3}.Debug|Any CPU.Build.0 = Debug|Any CPU
		{00FAB5CF-8498-418D-AEF8-FDCFCCE732C3}.Debug|x86.ActiveCfg = Debug|x86
		{00FAB5CF-8498-418D-AEF8-FDCFCCE732C3}.Debug|x86.Build.0 = Debug|x86
		{00FAB5CF-8498-418D-AEF8-FDCFCCE732C3}.Release|Any CPU.ActiveCfg = Release|Any CPU
		{00FAB5CF-8498-418D-AEF8-FDCFCCE732C3}.Release|Any CPU.Build.0 = Release|Any CPU
		{00FAB5CF-8498-418D-AEF8-FDCFCCE732C3}.Release|x86.ActiveCfg = Release|x86
		{00FAB5CF-8498-418D-AEF8-FDCFCCE732C3}.Release|x86.Build.0 = Release|x86
		{D7419A1D-320E-4400-9372-3F4E5608447F}.Debug|Any CPU.ActiveCfg = Debug|Any CPU
		{D7419A1D-320E-4400-9372-3F4E5608447F}.Debug|Any CPU.Build.0 = Debug|Any CPU
		{D7419A1D-320E-4400-9372-3F4E5608447F}.Debug|x86.ActiveCfg = Debug|x86
		{D7419A1D-320E-4400-9372-3F4E5608447F}.Debug|x86.Build.0 = Debug|x86
		{D7419A1D-320E-4400-9372-3F4E5608447F}.Release|Any CPU.ActiveCfg = Release|Any CPU
		{D7419A1D-320E-4400-9372-3F4E5608447F}.Release|Any CPU.Build.0 = Release|Any CPU
		{D7419A1D-320E-4400-9372-3F4E5608447F}.Release|x86.ActiveCfg = Release|x86
		{D7419A1D-320E-4400-9372-3F4E5608447F}.Release|x86.Build.0 = Release|x86
		{AFC55E5B-C4BD-4D6C-9E46-C47380E94C26}.Debug|Any CPU.ActiveCfg = Debug|Any CPU
		{AFC55E5B-C4BD-4D6C-9E46-C47380E94C26}.Debug|Any CPU.Build.0 = Debug|Any CPU
		{AFC55E5B-C4BD-4D6C-9E46-C47380E94C26}.Debug|x86.ActiveCfg = Debug|x86
		{AFC55E5B-C4BD-4D6C-9E46-C47380E94C26}.Debug|x86.Build.0 = Debug|x86
		{AFC55E5B-C4BD-4D6C-9E46-C47380E94C26}.Release|Any CPU.ActiveCfg = Release|Any CPU
		{AFC55E5B-C4BD-4D6C-9E46-C47380E94C26}.Release|Any CPU.Build.0 = Release|Any CPU
		{AFC55E5B-C4BD-4D6C-9E46-C47380E94C26}.Release|x86.ActiveCfg = Release|x86
		{AFC55E5B-C4BD-4D6C-9E46-C47380E94C26}.Release|x86.Build.0 = Release|x86
		{9E0DB80A-EF4D-4802-BBDB-43E1F2C1F25A}.Debug|Any CPU.ActiveCfg = Debug|Any CPU
		{9E0DB80A-EF4D-4802-BBDB-43E1F2C1F25A}.Debug|Any CPU.Build.0 = Debug|Any CPU
		{9E0DB80A-EF4D-4802-BBDB-43E1F2C1F25A}.Debug|x86.ActiveCfg = Debug|x86
		{9E0DB80A-EF4D-4802-BBDB-43E1F2C1F25A}.Debug|x86.Build.0 = Debug|x86
		{9E0DB80A-EF4D-4802-BBDB-43E1F2C1F25A}.Release|Any CPU.ActiveCfg = Release|Any CPU
		{9E0DB80A-EF4D-4802-BBDB-43E1F2C1F25A}.Release|Any CPU.Build.0 = Release|Any CPU
		{9E0DB80A-EF4D-4802-BBDB-43E1F2C1F25A}.Release|x86.ActiveCfg = Release|x86
		{9E0DB80A-EF4D-4802-BBDB-43E1F2C1F25A}.Release|x86.Build.0 = Release|x86
		{012D364E-F9D2-4B94-8E9C-BD20EA064C2C}.Debug|Any CPU.ActiveCfg = Debug|Any CPU
		{012D364E-F9D2-4B94-8E9C-BD20EA064C2C}.Debug|Any CPU.Build.0 = Debug|Any CPU
		{012D364E-F9D2-4B94-8E9C-BD20EA064C2C}.Debug|x86.ActiveCfg = Debug|x86
		{012D364E-F9D2-4B94-8E9C-BD20EA064C2C}.Debug|x86.Build.0 = Debug|x86
		{012D364E-F9D2-4B94-8E9C-BD20EA064C2C}.Release|Any CPU.ActiveCfg = Release|Any CPU
		{012D364E-F9D2-4B94-8E9C-BD20EA064C2C}.Release|Any CPU.Build.0 = Release|Any CPU
		{012D364E-F9D2-4B94-8E9C-BD20EA064C2C}.Release|x86.ActiveCfg = Release|x86
		{012D364E-F9D2-4B94-8E9C-BD20EA064C2C}.Release|x86.Build.0 = Release|x86
	EndGlobalSection
	GlobalSection(SolutionProperties) = preSolution
		HideSolutionNode = FALSE
	EndGlobalSection
	GlobalSection(NestedProjects) = preSolution
		{14F92825-1FD1-41BE-8B97-1D37CB8C37D4} = {8DB2AE4E-724C-476D-B5ED-AF995D84B238}
		{1FB88BF9-23DB-4F1F-9A7D-8078A8C9F566} = {85AD966B-5949-4B5B-8537-2B2D68C3E959}
		{600D677B-D412-46FD-BCEE-70C6B326F599} = {85AD966B-5949-4B5B-8537-2B2D68C3E959}
		{535178A9-D798-4CBE-BE30-3BCEBDC38CE9} = {85AD966B-5949-4B5B-8537-2B2D68C3E959}
		{00FAB5CF-8498-418D-AEF8-FDCFCCE732C3} = {935AF009-CE84-4BAA-AD1A-255A2CB88F3A}
		{D7419A1D-320E-4400-9372-3F4E5608447F} = {935AF009-CE84-4BAA-AD1A-255A2CB88F3A}
		{AFC55E5B-C4BD-4D6C-9E46-C47380E94C26} = {935AF009-CE84-4BAA-AD1A-255A2CB88F3A}
		{9E0DB80A-EF4D-4802-BBDB-43E1F2C1F25A} = {935AF009-CE84-4BAA-AD1A-255A2CB88F3A}
		{012D364E-F9D2-4B94-8E9C-BD20EA064C2C} = {935AF009-CE84-4BAA-AD1A-255A2CB88F3A}
	EndGlobalSection
	GlobalSection(ExtensibilityGlobals) = postSolution
		SolutionGuid = {B339E7EA-00E2-4FEF-8E5D-66258AEBCB1D}
	EndGlobalSection
EndGlobal
